<?xml version="1.0" encoding="UTF-8" standalone="yes" ?>
<CodeBlocks_project_file>
	<FileVersion major="1" minor="6" />
	<Project>
		<Option title="DrRob" />
		<Option pch_mode="2" />
		<Option compiler="gcc" />
		<Build>
			<Target title="Debug">
				<Option output="bin\Debug\DrRob" prefix_auto="1" extension_auto="1" />
				<Option object_output="obj\Debug\" />
				<Option type="1" />
				<Option compiler="gcc" />
				<Compiler>
					<Add option="-g" />
				</Compiler>
			</Target>
			<Target title="Release">
				<Option output="bin\Release\DrRob" prefix_auto="1" extension_auto="1" />
				<Option object_output="obj\Release\" />
				<Option type="1" />
				<Option compiler="gcc" />
				<Compiler>
					<Add option="-O2" />
				</Compiler>
				<Linker>
					<Add option="-s" />
				</Linker>
			</Target>
		</Build>
		<Compiler>
			<Add option="-Wall" />
			<Add directory="C:\Program Files\CodeBlocks\SDL\include" />
			<Add directory="C:\Program Files\CodeBlocks\SDL_image\include" />
			<Add directory="C:\Program Files\CodeBlocks\SDL_ttf\include" />
			<Add directory="C:\Program Files\CodeBlocks\SDL_gfx" />
		</Compiler>
		<Linker>
			<Add library="mingw32" />
			<Add library="SDLmain" />
			<Add library="SDL.dll" />
			<Add library="user32" />
			<Add library="gdi32" />
			<Add library="winmm" />
			<Add library="dxguid" />
			<Add library="..\..\..\..\..\Program Files\CodeBlocks\SDL_image\lib\SDL_image.lib" />
			<Add library="..\..\..\..\..\Program Files\CodeBlocks\SDL_ttf\lib\SDL_ttf.lib" />
			<Add directory="C:\Program Files\CodeBlocks\SDL\lib" />
			<Add directory="C:\Program Files\CodeBlocks\SDL_image\lib" />
			<Add directory="C:\Program Files\CodeBlocks\SDL_gfx" />
			<Add directory="C:\Program Files\CodeBlocks\SDL_ttf\lib" />
		</Linker>
		<Unit filename="ARIAL.TTF" />
		<Unit filename="SDL_rotozoom.c">
			<Option compilerVar="CC" />
		</Unit>
		<Unit filename="SDL_rotozoom.h" />
		<Unit filename="cb.bmp" />
		<Unit filename="include\Blob.h" />
		<Unit filename="include\Clock.h" />
		<Unit filename="include\DashBoard.h" />
		<Unit filename="include\Enums.h" />
		<Unit filename="include\Game.h" />
		<Unit filename="include\Grille.h" />
		<Unit filename="include\MoteurPhy.h" />
		<Unit filename="include\Position.h" />
		<Unit filename="include\Tree.h" />
		<Unit filename="main.cpp" />
		<Unit filename="source\MoteurPhy.cpp" />
		<Extensions>
			<code_completion />
			<debugger />
			<envvars />
		</Extensions>
	</Project>
</CodeBlocks_project_file>
